{
  "name": "cv-server",
  "version": "1.0.0",
  "lockfileVersion": 1,
  "requires": true,
  "dependencies": {
    "graphql": {
      "version": "14.3.1",
      "resolved": "https://lenovosoftware.jfrog.io/lenovosoftware/api/npm/npmjs-virtual/graphql/-/graphql-14.3.1.tgz",
      "integrity": "sha1-s6pQ5hqEGto8H5zNoQHEg/joyAc=",
      "requires": {
        "iterall": "^1.2.2"
      }
    },
    "iterall": {
      "version": "1.2.2",
      "resolved": "https://lenovosoftware.jfrog.io/lenovosoftware/api/npm/npmjs-virtual/iterall/-/iterall-1.2.2.tgz",
      "integrity": "sha1-ktcN64Ao4MOf8xZP2/TYsIgTDNc="
    }
  }
}
